
Microsoft Visual Studio Solution File, Format Version 12.00
# Visual Studio Version 16
VisualStudioVersion = 16.0.30128.74
MinimumVisualStudioVersion = 10.0.40219.1
Project("{9092AA53-FB77-4645-B42D-1CCCA6BD08BD}") = "Lab3-MEAN-Stack", "Lab3-MEAN-Stack.njsproj", "{0D623329-AFFD-41B4-B4B3-E461DCE99D06}"
EndProject
Global
	GlobalSection(SolutionConfigurationPlatforms) = preSolution
		Debug|Any CPU = Debug|Any CPU
		Release|Any CPU = Release|Any CPU
	EndGlobalSection
	GlobalSection(ProjectConfigurationPlatforms) = postSolution
		{0D623329-AFFD-41B4-B4B3-E461DCE99D06}.Debug|Any CPU.ActiveCfg = Debug|Any CPU
		{0D623329-AFFD-41B4-B4B3-E461DCE99D06}.Debug|Any CPU.Build.0 = Debug|Any CPU
		{0D623329-AFFD-41B4-B4B3-E461DCE99D06}.Release|Any CPU.ActiveCfg = Release|Any CPU
		{0D623329-AFFD-41B4-B4B3-E461DCE99D06}.Release|Any CPU.Build.0 = Release|Any CPU
	EndGlobalSection
	GlobalSection(SolutionProperties) = preSolution
		HideSolutionNode = FALSE
	EndGlobalSection
	GlobalSection(ExtensibilityGlobals) = postSolution
		SolutionGuid = {EEE5AEF3-691E-49BB-B8A7-FEFE2BE05F38}
	EndGlobalSection
EndGlobal
